// !$*UTF8*$!
{
	archiveVersion = 1;
	classes = {
	};
	objectVersion = 50;
	objects = {

/* Begin PBXBuildFile section */
		69B3E341263183530007824C /* AppDelegate.swift in Sources */ = {isa = PBXBuildFile; fileRef = 69B3E340263183530007824C /* AppDelegate.swift */; };
		69B3E343263183530007824C /* SceneDelegate.swift in Sources */ = {isa = PBXBuildFile; fileRef = 69B3E342263183530007824C /* SceneDelegate.swift */; };
		69B3E345263183530007824C /* ViewController.swift in Sources */ = {isa = PBXBuildFile; fileRef = 69B3E344263183530007824C /* ViewController.swift */; };
		69B3E348263183530007824C /* Main.storyboard in Resources */ = {isa = PBXBuildFile; fileRef = 69B3E346263183530007824C /* Main.storyboard */; };
		69B3E34A263183590007824C /* Assets.xcassets in Resources */ = {isa = PBXBuildFile; fileRef = 69B3E349263183590007824C /* Assets.xcassets */; };
		69B3E34D263183590007824C /* LaunchScreen.storyboard in Resources */ = {isa = PBXBuildFile; fileRef = 69B3E34B263183590007824C /* LaunchScreen.storyboard */; };
		69B3E356263184DA0007824C /* PageViewController.swift in Sources */ = {isa = PBXBuildFile; fileRef = 69B3E355263184DA0007824C /* PageViewController.swift */; };
		69B3E359263185650007824C /* PageContentViewController.swift in Sources */ = {isa = PBXBuildFile; fileRef = 69B3E358263185650007824C /* PageContentViewController.swift */; };
		69B3E35C263187CE0007824C /* PageContent.storyboard in Resources */ = {isa = PBXBuildFile; fileRef = 69B3E35B263187CE0007824C /* PageContent.storyboard */; };
/* End PBXBuildFile section */

/* Begin PBXFileReference section */
		69B3E33D263183530007824C /* ios-pageviewcontroller-sample.app */ = {isa = PBXFileReference; explicitFileType = wrapper.application; includeInIndex = 0; path = "ios-pageviewcontroller-sample.app"; sourceTree = BUILT_PRODUCTS_DIR; };
		69B3E340263183530007824C /* AppDelegate.swift */ = {isa = PBXFileReference; lastKnownFileType = sourcecode.swift; path = AppDelegate.swift; sourceTree = "<group>"; };
		69B3E342263183530007824C /* SceneDelegate.swift */ = {isa = PBXFileReference; lastKnownFileType = sourcecode.swift; path = SceneDelegate.swift; sourceTree = "<group>"; };
		69B3E344263183530007824C /* ViewController.swift */ = {isa = PBXFileReference; lastKnownFileType = sourcecode.swift; path = ViewController.swift; sourceTree = "<group>"; };
		69B3E347263183530007824C /* Base */ = {isa = PBXFileReference; lastKnownFileType = file.storyboard; name = Base; path = Base.lproj/Main.storyboard; sourceTree = "<group>"; };
		69B3E349263183590007824C /* Assets.xcassets */ = {isa = PBXFileReference; lastKnownFileType = folder.assetcatalog; path = Assets.xcassets; sourceTree = "<group>"; };
		69B3E34C263183590007824C /* Base */ = {isa = PBXFileReference; lastKnownFileType = file.storyboard; name = Base; path = Base.lproj/LaunchScreen.storyboard; sourceTree = "<group>"; };
		69B3E34E263183590007824C /* Info.plist */ = {isa = PBXFileReference; lastKnownFileType = text.plist.xml; path = Info.plist; sourceTree = "<group>"; };
		69B3E355263184DA0007824C /* PageViewController.swift */ = {isa = PBXFileReference; lastKnownFileType = sourcecode.swift; path = PageViewController.swift; sourceTree = "<group>"; };
		69B3E358263185650007824C /* PageContentViewController.swift */ = {isa = PBXFileReference; lastKnownFileType = sourcecode.swift; path = PageContentViewController.swift; sourceTree = "<group>"; };
		69B3E35B263187CE0007824C /* PageContent.storyboard */ = {isa = PBXFileReference; lastKnownFileType = file.storyboard; path = PageContent.storyboard; sourceTree = "<group>"; };
/* End PBXFileReference section */

/* Begin PBXFrameworksBuildPhase section */
		69B3E33A263183530007824C /* Frameworks */ = {
			isa = PBXFrameworksBuildPhase;
			buildActionMask = 2147483647;
			files = (
			);
			runOnlyForDeploymentPostprocessing = 0;
		};
/* End PBXFrameworksBuildPhase section */

/* Begin PBXGroup section */
		69B3E334263183530007824C = {
			isa = PBXGroup;
			children = (
				69B3E33F263183530007824C /* ios-pageviewcontroller-sample */,
				69B3E33E263183530007824C /* Products */,
			);
			sourceTree = "<group>";
		};
		69B3E33E263183530007824C /* Products */ = {
			isa = PBXGroup;
			children = (
				69B3E33D263183530007824C /* ios-pageviewcontroller-sample.app */,
			);
			name = Products;
			sourceTree = "<group>";
		};
		69B3E33F263183530007824C /* ios-pageviewcontroller-sample */ = {
			isa = PBXGroup;
			children = (
				69B3E340263183530007824C /* AppDelegate.swift */,
				69B3E342263183530007824C /* SceneDelegate.swift */,
				69B3E344263183530007824C /* ViewController.swift */,
				69B3E346263183530007824C /* Main.storyboard */,
				69B3E349263183590007824C /* Assets.xcassets */,
				69B3E34B263183590007824C /* LaunchScreen.storyboard */,
				69B3E34E263183590007824C /* Info.plist */,
				69B3E355263184DA0007824C /* PageViewController.swift */,
				69B3E35B263187CE0007824C /* PageContent.storyboard */,
				69B3E358263185650007824C /* PageContentViewController.swift */,
			);
			path = "ios-pageviewcontroller-sample";
			sourceTree = "<group>";
		};
/* End PBXGroup section */

/* Begin PBXNativeTarget section */
		69B3E33C263183530007824C /* ios-pageviewcontroller-sample */ = {
			isa = PBXNativeTarget;
			buildConfigurationList = 69B3E351263183590007824C /* Build configuration list for PBXNativeTarget "ios-pageviewcontroller-sample" */;
			buildPhases = (
				69B3E339263183530007824C /* Sources */,
				69B3E33A263183530007824C /* Frameworks */,
				69B3E33B263183530007824C /* Resources */,
			);
			buildRules = (
			);
			dependencies = (
			);
			name = "ios-pageviewcontroller-sample";
			productName = "ios-pageviewcontroller-sample";
			productReference = 69B3E33D263183530007824C /* ios-pageviewcontroller-sample.app */;
			productType = "com.apple.product-type.application";
		};
/* End PBXNativeTarget section */

/* Begin PBXProject section */
		69B3E335263183530007824C /* Project object */ = {
			isa = PBXProject;
			attributes = {
				LastSwiftUpdateCheck = 1240;
				LastUpgradeCheck = 1240;
				TargetAttributes = {
					69B3E33C263183530007824C = {
						CreatedOnToolsVersion = 12.4;
					};
				};
			};
			buildConfigurationList = 69B3E338263183530007824C /* Build configuration list for PBXProject "ios-pageviewcontroller-sample" */;
			compatibilityVersion = "Xcode 9.3";
			developmentRegion = en;
			hasScannedForEncodings = 0;
			knownRegions = (
				en,
				Base,
			);
			mainGroup = 69B3E334263183530007824C;
			productRefGroup = 69B3E33E263183530007824C /* Products */;
			projectDirPath = "";
			projectRoot = "";
			targets = (
				69B3E33C263183530007824C /* ios-pageviewcontroller-sample */,
			);
		};
/* End PBXProject section */

/* Begin PBXResourcesBuildPhase section */
		69B3E33B263183530007824C /* Resources */ = {
			isa = PBXResourcesBuildPhase;
			buildActionMask = 2147483647;
			files = (
				69B3E34D263183590007824C /* LaunchScreen.storyboard in Resources */,
				69B3E35C263187CE0007824C /* PageContent.storyboard in Resources */,
				69B3E34A263183590007824C /* Assets.xcassets in Resources */,
				69B3E348263183530007824C /* Main.storyboard in Resources */,
			);
			runOnlyForDeploymentPostprocessing = 0;
		};
/* End PBXResourcesBuildPhase section */

/* Begin PBXSourcesBuildPhase section */
		69B3E339263183530007824C /* Sources */ = {
			isa = PBXSourcesBuildPhase;
			buildActionMask = 2147483647;
			files = (
				69B3E345263183530007824C /* ViewController.swift in Sources */,
				69B3E341263183530007824C /* AppDelegate.swift in Sources */,
				69B3E359263185650007824C /* PageContentViewController.swift in Sources */,
				69B3E343263183530007824C /* SceneDelegate.swift in Sources */,
				69B3E356263184DA0007824C /* PageViewController.swift in Sources */,
			);
			runOnlyForDeploymentPostprocessing = 0;
		};
/* End PBXSourcesBuildPhase section */

/* Begin PBXVariantGroup section */
		69B3E346263183530007824C /* Main.storyboard */ = {
			isa = PBXVariantGroup;
			children = (
				69B3E347263183530007824C /* Base */,
			);
			name = Main.storyboard;
			sourceTree = "<group>";
		};
		69B3E34B263183590007824C /* LaunchScreen.storyboard */ = {
			isa = PBXVariantGroup;
			children = (
				69B3E34C263183590007824C /* Base */,
			);
			name = LaunchScreen.storyboard;
			sourceTree = "<group>";
		};
/* End PBXVariantGroup section */

/* Begin XCBuildConfiguration section */
		69B3E34F263183590007824C /* Debug */ = {
			isa = XCBuildConfiguration;
			buildSettings = {
				ALWAYS_SEARCH_USER_PATHS = NO;
				CLANG_ANALYZER_NONNULL = YES;
				CLANG_ANALYZER_NUMBER_OBJECT_CONVERSION = YES_AGGRESSIVE;
				CLANG_CXX_LANGUAGE_STANDARD = "gnu++14";
				CLANG_CXX_LIBRARY = "libc++";
				CLANG_ENABLE_MODULES = YES;
				CLANG_ENABLE_OBJC_ARC = YES;
				CLANG_ENABLE_OBJC_WEAK = YES;
				CLANG_WARN_BLOCK_CAPTURE_AUTORELEASING = YES;
				CLANG_WARN_BOOL_CONVERSION = YES;
				CLANG_WARN_COMMA = YES;
				CLANG_WARN_CONSTANT_CONVERSION = YES;
				CLANG_WARN_DEPRECATED_OBJC_IMPLEMENTATIONS = YES;
				CLANG_WARN_DIRECT_OBJC_ISA_USAGE = YES_ERROR;
				CLANG_WARN_DOCUMENTATION_COMMENTS = YES;
				CLANG_WARN_EMPTY_BODY = YES;
				CLANG_WARN_ENUM_CONVERSION = YES;
				CLANG_WARN_INFINITE_RECURSION = YES;
				CLANG_WARN_INT_CONVERSION = YES;
				CLANG_WARN_NON_LITERAL_NULL_CONVERSION = YES;
				CLANG_WARN_OBJC_IMPLICIT_RETAIN_SELF = YES;
				CLANG_WARN_OBJC_LITERAL_CONVERSION = YES;
				CLANG_WARN_OBJC_ROOT_CLASS = YES_ERROR;
				CLANG_WARN_QUOTED_INCLUDE_IN_FRAMEWORK_HEADER = YES;
				CLANG_WARN_RANGE_LOOP_ANALYSIS = YES;
				CLANG_WARN_STRICT_PROTOTYPES = YES;
				CLANG_WARN_SUSPICIOUS_MOVE = YES;
				CLANG_WARN_UNGUARDED_AVAILABILITY = YES_AGGRESSIVE;
				CLANG_WARN_UNREACHABLE_CODE = YES;
				CLANG_WARN__DUPLICATE_METHOD_MATCH = YES;
				COPY_PHASE_STRIP = NO;
				DEBUG_INFORMATION_FORMAT = dwarf;
				ENABLE_STRICT_OBJC_MSGSEND = YES;
				ENABLE_TESTABILITY = YES;
				GCC_C_LANGUAGE_STANDARD = gnu11;
				GCC_DYNAMIC_NO_PIC = NO;
				GCC_NO_COMMON_BLOCKS = YES;
				GCC_OPTIMIZATION_LEVEL = 0;
				GCC_PREPROCESSOR_DEFINITIONS = (
					"DEBUG=1",
					"$(inherited)",
				);
				GCC_WARN_64_TO_32_BIT_CONVERSION = YES;
				GCC_WARN_ABOUT_RETURN_TYPE = YES_ERROR;
				GCC_WARN_UNDECLARED_SELECTOR = YES;
				GCC_WARN_UNINITIALIZED_AUTOS = YES_AGGRESSIVE;
				GCC_WARN_UNUSED_FUNCTION = YES;
				GCC_WARN_UNUSED_VARIABLE = YES;
				IPHONEOS_DEPLOYMENT_TARGET = 14.4;
				MTL_ENABLE_DEBUG_INFO = INCLUDE_SOURCE;
				MTL_FAST_MATH = YES;
				ONLY_ACTIVE_ARCH = YES;
				SDKROOT = iphoneos;
				SWIFT_ACTIVE_COMPILATION_CONDITIONS = DEBUG;
				SWIFT_OPTIMIZATION_LEVEL = "-Onone";
			};
			name = Debug;
		};
		69B3E350263183590007824C /* Release */ = {
			isa = XCBuildConfiguration;
			buildSettings = {
				ALWAYS_SEARCH_USER_PATHS = NO;
				CLANG_ANALYZER_NONNULL = YES;
				CLANG_ANALYZER_NUMBER_OBJECT_CONVERSION = YES_AGGRESSIVE;
				CLANG_CXX_LANGUAGE_STANDARD = "gnu++14";
				CLANG_CXX_LIBRARY = "libc++";
				CLANG_ENABLE_MODULES = YES;
				CLANG_ENABLE_OBJC_ARC = YES;
				CLANG_ENABLE_OBJC_WEAK = YES;
				CLANG_WARN_BLOCK_CAPTURE_AUTORELEASING = YES;
				CLANG_WARN_BOOL_CONVERSION = YES;
				CLANG_WARN_COMMA = YES;
				CLANG_WARN_CONSTANT_CONVERSION = YES;
				CLANG_WARN_DEPRECATED_OBJC_IMPLEMENTATIONS = YES;
				CLANG_WARN_DIRECT_OBJC_ISA_USAGE = YES_ERROR;
				CLANG_WARN_DOCUMENTATION_COMMENTS = YES;
				CLANG_WARN_EMPTY_BODY = YES;
				CLANG_WARN_ENUM_CONVERSION = YES;
				CLANG_WARN_INFINITE_RECURSION = YES;
				CLANG_WARN_INT_CONVERSION = YES;
				CLANG_WARN_NON_LITERAL_NULL_CONVERSION = YES;
				CLANG_WARN_OBJC_IMPLICIT_RETAIN_SELF = YES;
				CLANG_WARN_OBJC_LITERAL_CONVERSION = YES;
				CLANG_WARN_OBJC_ROOT_CLASS = YES_ERROR;
				CLANG_WARN_QUOTED_INCLUDE_IN_FRAMEWORK_HEADER = YES;
				CLANG_WARN_RANGE_LOOP_ANALYSIS = YES;
				CLANG_WARN_STRICT_PROTOTYPES = YES;
				CLANG_WARN_SUSPICIOUS_MOVE = YES;
				CLANG_WARN_UNGUARDED_AVAILABILITY = YES_AGGRESSIVE;
				CLANG_WARN_UNREACHABLE_CODE = YES;
				CLANG_WARN__DUPLICATE_METHOD_MATCH = YES;
				COPY_PHASE_STRIP = NO;
				DEBUG_INFORMATION_FORMAT = "dwarf-with-dsym";
				ENABLE_NS_ASSERTIONS = NO;
				ENABLE_STRICT_OBJC_MSGSEND = YES;
				GCC_C_LANGUAGE_STANDARD = gnu11;
				GCC_NO_COMMON_BLOCKS = YES;
				GCC_WARN_64_TO_32_BIT_CONVERSION = YES;
				GCC_WARN_ABOUT_RETURN_TYPE = YES_ERROR;
				GCC_WARN_UNDECLARED_SELECTOR = YES;
				GCC_WARN_UNINITIALIZED_AUTOS = YES_AGGRESSIVE;
				GCC_WARN_UNUSED_FUNCTION = YES;
				GCC_WARN_UNUSED_VARIABLE = YES;
				IPHONEOS_DEPLOYMENT_TARGET = 14.4;
				MTL_ENABLE_DEBUG_INFO = NO;
				MTL_FAST_MATH = YES;
				SDKROOT = iphoneos;
				SWIFT_COMPILATION_MODE = wholemodule;
				SWIFT_OPTIMIZATION_LEVEL = "-O";
				VALIDATE_PRODUCT = YES;
			};
			name = Release;
		};
		69B3E352263183590007824C /* Debug */ = {
			isa = XCBuildConfiguration;
			buildSettings = {
				ASSETCATALOG_COMPILER_APPICON_NAME = AppIcon;
				ASSETCATALOG_COMPILER_GLOBAL_ACCENT_COLOR_NAME = AccentColor;
				CODE_SIGN_STYLE = Automatic;
				INFOPLIST_FILE = "ios-pageviewcontroller-sample/Info.plist";
				LD_RUNPATH_SEARCH_PATHS = (
					"$(inherited)",
					"@executable_path/Frameworks",
				);
				PRODUCT_BUNDLE_IDENTIFIER = "com.example.ios-pageviewcontroller-sample";
				PRODUCT_NAME = "$(TARGET_NAME)";
				SWIFT_VERSION = 5.0;
				TARGETED_DEVICE_FAMILY = "1,2";
			};
			name = Debug;
		};
		69B3E353263183590007824C /* Release */ = {
			isa = XCBuildConfiguration;
			buildSettings = {
				ASSETCATALOG_COMPILER_APPICON_NAME = AppIcon;
				ASSETCATALOG_COMPILER_GLOBAL_ACCENT_COLOR_NAME = AccentColor;
				CODE_SIGN_STYLE = Automatic;
				INFOPLIST_FILE = "ios-pageviewcontroller-sample/Info.plist";
				LD_RUNPATH_SEARCH_PATHS = (
					"$(inherited)",
					"@executable_path/Frameworks",
				);
				PRODUCT_BUNDLE_IDENTIFIER = "com.example.ios-pageviewcontroller-sample";
				PRODUCT_NAME = "$(TARGET_NAME)";
				SWIFT_VERSION = 5.0;
				TARGETED_DEVICE_FAMILY = "1,2";
			};
			name = Release;
		};
/* End XCBuildConfiguration section */

/* Begin XCConfigurationList section */
		69B3E338263183530007824C /* Build configuration list for PBXProject "ios-pageviewcontroller-sample" */ = {
			isa = XCConfigurationList;
			buildConfigurations = (
				69B3E34F263183590007824C /* Debug */,
				69B3E350263183590007824C /* Release */,
			);
			defaultConfigurationIsVisible = 0;
			defaultConfigurationName = Release;
		};
		69B3E351263183590007824C /* Build configuration list for PBXNativeTarget "ios-pageviewcontroller-sample" */ = {
			isa = XCConfigurationList;
			buildConfigurations = (
				69B3E352263183590007824C /* Debug */,
				69B3E353263183590007824C /* Release */,
			);
			defaultConfigurationIsVisible = 0;
			defaultConfigurationName = Release;
		};
/* End XCConfigurationList section */
	};
	rootObject = 69B3E335263183530007824C /* Project object */;
}
